// !$*UTF8*$!
{
	archiveVersion = 1;
	classes = {
	};
	objectVersion = 50;
	objects = {

/* Begin PBXBuildFile section */
		6D08004F228A17B100ED596F /* GameColor.swift in Sources */ = {isa = PBXBuildFile; fileRef = 6D08004E228A17B100ED596F /* GameColor.swift */; };
		6D080054228B116700ED596F /* level2.gif in Resources */ = {isa = PBXBuildFile; fileRef = 6D080051228B116700ED596F /* level2.gif */; };
		6D080055228B116700ED596F /* level3.gif in Resources */ = {isa = PBXBuildFile; fileRef = 6D080052228B116700ED596F /* level3.gif */; };
		6D080056228B116700ED596F /* level1.gif in Resources */ = {isa = PBXBuildFile; fileRef = 6D080053228B116700ED596F /* level1.gif */; };
		6D1D36B12285B5130042F768 /* AppDelegate.swift in Sources */ = {isa = PBXBuildFile; fileRef = 6D1D36B02285B5130042F768 /* AppDelegate.swift */; };
		6D1D36B32285B5130042F768 /* GameViewController.swift in Sources */ = {isa = PBXBuildFile; fileRef = 6D1D36B22285B5130042F768 /* GameViewController.swift */; };
		6D1D36B62285B5130042F768 /* Main.storyboard in Resources */ = {isa = PBXBuildFile; fileRef = 6D1D36B42285B5130042F768 /* Main.storyboard */; };
		6D1D36B82285B5160042F768 /* Assets.xcassets in Resources */ = {isa = PBXBuildFile; fileRef = 6D1D36B72285B5160042F768 /* Assets.xcassets */; };
		6D1D36BB2285B5160042F768 /* LaunchScreen.storyboard in Resources */ = {isa = PBXBuildFile; fileRef = 6D1D36B92285B5160042F768 /* LaunchScreen.storyboard */; };
		6D1D36C72285B56E0042F768 /* SelectionTableViewController.swift in Sources */ = {isa = PBXBuildFile; fileRef = 6D1D36C62285B56E0042F768 /* SelectionTableViewController.swift */; };
		6D1D36CA2285B9470042F768 /* Level.swift in Sources */ = {isa = PBXBuildFile; fileRef = 6D1D36C92285B9470042F768 /* Level.swift */; };
		6D1D36CE2285C8A40042F768 /* Levels.json in Resources */ = {isa = PBXBuildFile; fileRef = 6D1D36CD2285C8A40042F768 /* Levels.json */; };
		6D1D36D02285CFB20042F768 /* Eket Mask.gif in Resources */ = {isa = PBXBuildFile; fileRef = 6D1D36CF2285CFB20042F768 /* Eket Mask.gif */; };
		6D1D36D32285F2F20042F768 /* CustomCollectionViewCell.swift in Sources */ = {isa = PBXBuildFile; fileRef = 6D1D36D22285F2F20042F768 /* CustomCollectionViewCell.swift */; };
		6D1D36D5228657350042F768 /* Letter.swift in Sources */ = {isa = PBXBuildFile; fileRef = 6D1D36D4228657350042F768 /* Letter.swift */; };
/* End PBXBuildFile section */

/* Begin PBXFileReference section */
		6D08004E228A17B100ED596F /* GameColor.swift */ = {isa = PBXFileReference; lastKnownFileType = sourcecode.swift; path = GameColor.swift; sourceTree = "<group>"; };
		6D080051228B116700ED596F /* level2.gif */ = {isa = PBXFileReference; lastKnownFileType = image.gif; path = level2.gif; sourceTree = "<group>"; };
		6D080052228B116700ED596F /* level3.gif */ = {isa = PBXFileReference; lastKnownFileType = image.gif; path = level3.gif; sourceTree = "<group>"; };
		6D080053228B116700ED596F /* level1.gif */ = {isa = PBXFileReference; lastKnownFileType = image.gif; path = level1.gif; sourceTree = "<group>"; };
		6D1D36AD2285B5130042F768 /* Word Search.app */ = {isa = PBXFileReference; explicitFileType = wrapper.application; includeInIndex = 0; path = "Word Search.app"; sourceTree = BUILT_PRODUCTS_DIR; };
		6D1D36B02285B5130042F768 /* AppDelegate.swift */ = {isa = PBXFileReference; lastKnownFileType = sourcecode.swift; path = AppDelegate.swift; sourceTree = "<group>"; };
		6D1D36B22285B5130042F768 /* GameViewController.swift */ = {isa = PBXFileReference; lastKnownFileType = sourcecode.swift; path = GameViewController.swift; sourceTree = "<group>"; };
		6D1D36B52285B5130042F768 /* Base */ = {isa = PBXFileReference; lastKnownFileType = file.storyboard; name = Base; path = Base.lproj/Main.storyboard; sourceTree = "<group>"; };
		6D1D36B72285B5160042F768 /* Assets.xcassets */ = {isa = PBXFileReference; lastKnownFileType = folder.assetcatalog; path = Assets.xcassets; sourceTree = "<group>"; };
		6D1D36BA2285B5160042F768 /* Base */ = {isa = PBXFileReference; lastKnownFileType = file.storyboard; name = Base; path = Base.lproj/LaunchScreen.storyboard; sourceTree = "<group>"; };
		6D1D36BC2285B5160042F768 /* Info.plist */ = {isa = PBXFileReference; lastKnownFileType = text.plist.xml; path = Info.plist; sourceTree = "<group>"; };
		6D1D36C62285B56E0042F768 /* SelectionTableViewController.swift */ = {isa = PBXFileReference; lastKnownFileType = sourcecode.swift; path = SelectionTableViewController.swift; sourceTree = "<group>"; };
		6D1D36C92285B9470042F768 /* Level.swift */ = {isa = PBXFileReference; lastKnownFileType = sourcecode.swift; path = Level.swift; sourceTree = "<group>"; };
		6D1D36CD2285C8A40042F768 /* Levels.json */ = {isa = PBXFileReference; fileEncoding = 4; lastKnownFileType = text.json; path = Levels.json; sourceTree = "<group>"; };
		6D1D36CF2285CFB20042F768 /* Eket Mask.gif */ = {isa = PBXFileReference; lastKnownFileType = image.gif; path = "Eket Mask.gif"; sourceTree = "<group>"; };
		6D1D36D22285F2F20042F768 /* CustomCollectionViewCell.swift */ = {isa = PBXFileReference; lastKnownFileType = sourcecode.swift; path = CustomCollectionViewCell.swift; sourceTree = "<group>"; };
		6D1D36D4228657350042F768 /* Letter.swift */ = {isa = PBXFileReference; lastKnownFileType = sourcecode.swift; path = Letter.swift; sourceTree = "<group>"; };
/* End PBXFileReference section */

/* Begin PBXFrameworksBuildPhase section */
		6D1D36AA2285B5130042F768 /* Frameworks */ = {
			isa = PBXFrameworksBuildPhase;
			buildActionMask = 2147483647;
			files = (
			);
			runOnlyForDeploymentPostprocessing = 0;
		};
/* End PBXFrameworksBuildPhase section */

/* Begin PBXGroup section */
		6D080050228B115100ED596F /* icon */ = {
			isa = PBXGroup;
			children = (
				6D1D36CF2285CFB20042F768 /* Eket Mask.gif */,
				6D080053228B116700ED596F /* level1.gif */,
				6D080051228B116700ED596F /* level2.gif */,
				6D080052228B116700ED596F /* level3.gif */,
			);
			path = icon;
			sourceTree = "<group>";
		};
		6D1D36A42285B5130042F768 = {
			isa = PBXGroup;
			children = (
				6D1D36AF2285B5130042F768 /* Word Search */,
				6D1D36AE2285B5130042F768 /* Products */,
			);
			sourceTree = "<group>";
		};
		6D1D36AE2285B5130042F768 /* Products */ = {
			isa = PBXGroup;
			children = (
				6D1D36AD2285B5130042F768 /* Word Search.app */,
			);
			name = Products;
			sourceTree = "<group>";
		};
		6D1D36AF2285B5130042F768 /* Word Search */ = {
			isa = PBXGroup;
			children = (
				6D1D36B02285B5130042F768 /* AppDelegate.swift */,
				6D1D36C82285B92D0042F768 /* Model */,
				6D1D36D12285F2900042F768 /* View */,
				6D1D36C32285B5330042F768 /* Controller */,
				6D1D36C22285B5270042F768 /* Assets */,
				6D1D36BC2285B5160042F768 /* Info.plist */,
			);
			path = "Word Search";
			sourceTree = "<group>";
		};
		6D1D36C22285B5270042F768 /* Assets */ = {
			isa = PBXGroup;
			children = (
				6D080050228B115100ED596F /* icon */,
				6D1D36CD2285C8A40042F768 /* Levels.json */,
				6D1D36B42285B5130042F768 /* Main.storyboard */,
				6D1D36B72285B5160042F768 /* Assets.xcassets */,
				6D1D36B92285B5160042F768 /* LaunchScreen.storyboard */,
			);
			path = Assets;
			sourceTree = "<group>";
		};
		6D1D36C32285B5330042F768 /* Controller */ = {
			isa = PBXGroup;
			children = (
				6D1D36C62285B56E0042F768 /* SelectionTableViewController.swift */,
				6D1D36B22285B5130042F768 /* GameViewController.swift */,
			);
			path = Controller;
			sourceTree = "<group>";
		};
		6D1D36C82285B92D0042F768 /* Model */ = {
			isa = PBXGroup;
			children = (
				6D1D36C92285B9470042F768 /* Level.swift */,
				6D1D36D4228657350042F768 /* Letter.swift */,
			);
			path = Model;
			sourceTree = "<group>";
		};
		6D1D36D12285F2900042F768 /* View */ = {
			isa = PBXGroup;
			children = (
				6D1D36D22285F2F20042F768 /* CustomCollectionViewCell.swift */,
				6D08004E228A17B100ED596F /* GameColor.swift */,
			);
			path = View;
			sourceTree = "<group>";
		};
/* End PBXGroup section */

/* Begin PBXNativeTarget section */
		6D1D36AC2285B5130042F768 /* Word Search */ = {
			isa = PBXNativeTarget;
			buildConfigurationList = 6D1D36BF2285B5160042F768 /* Build configuration list for PBXNativeTarget "Word Search" */;
			buildPhases = (
				6D1D36A92285B5130042F768 /* Sources */,
				6D1D36AA2285B5130042F768 /* Frameworks */,
				6D1D36AB2285B5130042F768 /* Resources */,
			);
			buildRules = (
			);
			dependencies = (
			);
			name = "Word Search";
			productName = "Word Search";
			productReference = 6D1D36AD2285B5130042F768 /* Word Search.app */;
			productType = "com.apple.product-type.application";
		};
/* End PBXNativeTarget section */

/* Begin PBXProject section */
		6D1D36A52285B5130042F768 /* Project object */ = {
			isa = PBXProject;
			attributes = {
				LastSwiftUpdateCheck = 1010;
				LastUpgradeCheck = 1010;
				ORGANIZATIONNAME = "Kayo Nakao";
				TargetAttributes = {
					6D1D36AC2285B5130042F768 = {
						CreatedOnToolsVersion = 10.1;
					};
				};
			};
			buildConfigurationList = 6D1D36A82285B5130042F768 /* Build configuration list for PBXProject "Word Search" */;
			compatibilityVersion = "Xcode 9.3";
			developmentRegion = en;
			hasScannedForEncodings = 0;
			knownRegions = (
				en,
				Base,
			);
			mainGroup = 6D1D36A42285B5130042F768;
			productRefGroup = 6D1D36AE2285B5130042F768 /* Products */;
			projectDirPath = "";
			projectRoot = "";
			targets = (
				6D1D36AC2285B5130042F768 /* Word Search */,
			);
		};
/* End PBXProject section */

/* Begin PBXResourcesBuildPhase section */
		6D1D36AB2285B5130042F768 /* Resources */ = {
			isa = PBXResourcesBuildPhase;
			buildActionMask = 2147483647;
			files = (
				6D1D36BB2285B5160042F768 /* LaunchScreen.storyboard in Resources */,
				6D1D36D02285CFB20042F768 /* Eket Mask.gif in Resources */,
				6D080054228B116700ED596F /* level2.gif in Resources */,
				6D1D36B82285B5160042F768 /* Assets.xcassets in Resources */,
				6D080055228B116700ED596F /* level3.gif in Resources */,
				6D1D36CE2285C8A40042F768 /* Levels.json in Resources */,
				6D1D36B62285B5130042F768 /* Main.storyboard in Resources */,
				6D080056228B116700ED596F /* level1.gif in Resources */,
			);
			runOnlyForDeploymentPostprocessing = 0;
		};
/* End PBXResourcesBuildPhase section */

/* Begin PBXSourcesBuildPhase section */
		6D1D36A92285B5130042F768 /* Sources */ = {
			isa = PBXSourcesBuildPhase;
			buildActionMask = 2147483647;
			files = (
				6D1D36B32285B5130042F768 /* GameViewController.swift in Sources */,
				6D1D36D32285F2F20042F768 /* CustomCollectionViewCell.swift in Sources */,
				6D1D36B12285B5130042F768 /* AppDelegate.swift in Sources */,
				6D1D36CA2285B9470042F768 /* Level.swift in Sources */,
				6D08004F228A17B100ED596F /* GameColor.swift in Sources */,
				6D1D36C72285B56E0042F768 /* SelectionTableViewController.swift in Sources */,
				6D1D36D5228657350042F768 /* Letter.swift in Sources */,
			);
			runOnlyForDeploymentPostprocessing = 0;
		};
/* End PBXSourcesBuildPhase section */

/* Begin PBXVariantGroup section */
		6D1D36B42285B5130042F768 /* Main.storyboard */ = {
			isa = PBXVariantGroup;
			children = (
				6D1D36B52285B5130042F768 /* Base */,
			);
			name = Main.storyboard;
			sourceTree = "<group>";
		};
		6D1D36B92285B5160042F768 /* LaunchScreen.storyboard */ = {
			isa = PBXVariantGroup;
			children = (
				6D1D36BA2285B5160042F768 /* Base */,
			);
			name = LaunchScreen.storyboard;
			sourceTree = "<group>";
		};
/* End PBXVariantGroup section */

/* Begin XCBuildConfiguration section */
		6D1D36BD2285B5160042F768 /* Debug */ = {
			isa = XCBuildConfiguration;
			buildSettings = {
				ALWAYS_SEARCH_USER_PATHS = NO;
				CLANG_ANALYZER_NONNULL = YES;
				CLANG_ANALYZER_NUMBER_OBJECT_CONVERSION = YES_AGGRESSIVE;
				CLANG_CXX_LANGUAGE_STANDARD = "gnu++14";
				CLANG_CXX_LIBRARY = "libc++";
				CLANG_ENABLE_MODULES = YES;
				CLANG_ENABLE_OBJC_ARC = YES;
				CLANG_ENABLE_OBJC_WEAK = YES;
				CLANG_WARN_BLOCK_CAPTURE_AUTORELEASING = YES;
				CLANG_WARN_BOOL_CONVERSION = YES;
				CLANG_WARN_COMMA = YES;
				CLANG_WARN_CONSTANT_CONVERSION = YES;
				CLANG_WARN_DEPRECATED_OBJC_IMPLEMENTATIONS = YES;
				CLANG_WARN_DIRECT_OBJC_ISA_USAGE = YES_ERROR;
				CLANG_WARN_DOCUMENTATION_COMMENTS = YES;
				CLANG_WARN_EMPTY_BODY = YES;
				CLANG_WARN_ENUM_CONVERSION = YES;
				CLANG_WARN_INFINITE_RECURSION = YES;
				CLANG_WARN_INT_CONVERSION = YES;
				CLANG_WARN_NON_LITERAL_NULL_CONVERSION = YES;
				CLANG_WARN_OBJC_IMPLICIT_RETAIN_SELF = YES;
				CLANG_WARN_OBJC_LITERAL_CONVERSION = YES;
				CLANG_WARN_OBJC_ROOT_CLASS = YES_ERROR;
				CLANG_WARN_RANGE_LOOP_ANALYSIS = YES;
				CLANG_WARN_STRICT_PROTOTYPES = YES;
				CLANG_WARN_SUSPICIOUS_MOVE = YES;
				CLANG_WARN_UNGUARDED_AVAILABILITY = YES_AGGRESSIVE;
				CLANG_WARN_UNREACHABLE_CODE = YES;
				CLANG_WARN__DUPLICATE_METHOD_MATCH = YES;
				CODE_SIGN_IDENTITY = "iPhone Developer";
				COPY_PHASE_STRIP = NO;
				DEBUG_INFORMATION_FORMAT = dwarf;
				ENABLE_STRICT_OBJC_MSGSEND = YES;
				ENABLE_TESTABILITY = YES;
				GCC_C_LANGUAGE_STANDARD = gnu11;
				GCC_DYNAMIC_NO_PIC = NO;
				GCC_NO_COMMON_BLOCKS = YES;
				GCC_OPTIMIZATION_LEVEL = 0;
				GCC_PREPROCESSOR_DEFINITIONS = (
					"DEBUG=1",
					"$(inherited)",
				);
				GCC_WARN_64_TO_32_BIT_CONVERSION = YES;
				GCC_WARN_ABOUT_RETURN_TYPE = YES_ERROR;
				GCC_WARN_UNDECLARED_SELECTOR = YES;
				GCC_WARN_UNINITIALIZED_AUTOS = YES_AGGRESSIVE;
				GCC_WARN_UNUSED_FUNCTION = YES;
				GCC_WARN_UNUSED_VARIABLE = YES;
				IPHONEOS_DEPLOYMENT_TARGET = 12.1;
				MTL_ENABLE_DEBUG_INFO = INCLUDE_SOURCE;
				MTL_FAST_MATH = YES;
				ONLY_ACTIVE_ARCH = YES;
				SDKROOT = iphoneos;
				SWIFT_ACTIVE_COMPILATION_CONDITIONS = DEBUG;
				SWIFT_OPTIMIZATION_LEVEL = "-Onone";
			};
			name = Debug;
		};
		6D1D36BE2285B5160042F768 /* Release */ = {
			isa = XCBuildConfiguration;
			buildSettings = {
				ALWAYS_SEARCH_USER_PATHS = NO;
				CLANG_ANALYZER_NONNULL = YES;
				CLANG_ANALYZER_NUMBER_OBJECT_CONVERSION = YES_AGGRESSIVE;
				CLANG_CXX_LANGUAGE_STANDARD = "gnu++14";
				CLANG_CXX_LIBRARY = "libc++";
				CLANG_ENABLE_MODULES = YES;
				CLANG_ENABLE_OBJC_ARC = YES;
				CLANG_ENABLE_OBJC_WEAK = YES;
				CLANG_WARN_BLOCK_CAPTURE_AUTORELEASING = YES;
				CLANG_WARN_BOOL_CONVERSION = YES;
				CLANG_WARN_COMMA = YES;
				CLANG_WARN_CONSTANT_CONVERSION = YES;
				CLANG_WARN_DEPRECATED_OBJC_IMPLEMENTATIONS = YES;
				CLANG_WARN_DIRECT_OBJC_ISA_USAGE = YES_ERROR;
				CLANG_WARN_DOCUMENTATION_COMMENTS = YES;
				CLANG_WARN_EMPTY_BODY = YES;
				CLANG_WARN_ENUM_CONVERSION = YES;
				CLANG_WARN_INFINITE_RECURSION = YES;
				CLANG_WARN_INT_CONVERSION = YES;
				CLANG_WARN_NON_LITERAL_NULL_CONVERSION = YES;
				CLANG_WARN_OBJC_IMPLICIT_RETAIN_SELF = YES;
				CLANG_WARN_OBJC_LITERAL_CONVERSION = YES;
				CLANG_WARN_OBJC_ROOT_CLASS = YES_ERROR;
				CLANG_WARN_RANGE_LOOP_ANALYSIS = YES;
				CLANG_WARN_STRICT_PROTOTYPES = YES;
				CLANG_WARN_SUSPICIOUS_MOVE = YES;
				CLANG_WARN_UNGUARDED_AVAILABILITY = YES_AGGRESSIVE;
				CLANG_WARN_UNREACHABLE_CODE = YES;
				CLANG_WARN__DUPLICATE_METHOD_MATCH = YES;
				CODE_SIGN_IDENTITY = "iPhone Developer";
				COPY_PHASE_STRIP = NO;
				DEBUG_INFORMATION_FORMAT = "dwarf-with-dsym";
				ENABLE_NS_ASSERTIONS = NO;
				ENABLE_STRICT_OBJC_MSGSEND = YES;
				GCC_C_LANGUAGE_STANDARD = gnu11;
				GCC_NO_COMMON_BLOCKS = YES;
				GCC_WARN_64_TO_32_BIT_CONVERSION = YES;
				GCC_WARN_ABOUT_RETURN_TYPE = YES_ERROR;
				GCC_WARN_UNDECLARED_SELECTOR = YES;
				GCC_WARN_UNINITIALIZED_AUTOS = YES_AGGRESSIVE;
				GCC_WARN_UNUSED_FUNCTION = YES;
				GCC_WARN_UNUSED_VARIABLE = YES;
				IPHONEOS_DEPLOYMENT_TARGET = 12.1;
				MTL_ENABLE_DEBUG_INFO = NO;
				MTL_FAST_MATH = YES;
				SDKROOT = iphoneos;
				SWIFT_COMPILATION_MODE = wholemodule;
				SWIFT_OPTIMIZATION_LEVEL = "-O";
				VALIDATE_PRODUCT = YES;
			};
			name = Release;
		};
		6D1D36C02285B5160042F768 /* Debug */ = {
			isa = XCBuildConfiguration;
			buildSettings = {
				ASSETCATALOG_COMPILER_APPICON_NAME = AppIcon;
				CODE_SIGN_STYLE = Automatic;
				DEVELOPMENT_TEAM = T3XBUHQAXW;
				INFOPLIST_FILE = "Word Search/Info.plist";
				LD_RUNPATH_SEARCH_PATHS = (
					"$(inherited)",
					"@executable_path/Frameworks",
				);
				PRODUCT_BUNDLE_IDENTIFIER = "com.kayoNakao.Word-Search";
				PRODUCT_NAME = "$(TARGET_NAME)";
				SWIFT_VERSION = 4.2;
				TARGETED_DEVICE_FAMILY = "1,2";
			};
			name = Debug;
		};
		6D1D36C12285B5160042F768 /* Release */ = {
			isa = XCBuildConfiguration;
			buildSettings = {
				ASSETCATALOG_COMPILER_APPICON_NAME = AppIcon;
				CODE_SIGN_STYLE = Automatic;
				DEVELOPMENT_TEAM = T3XBUHQAXW;
				INFOPLIST_FILE = "Word Search/Info.plist";
				LD_RUNPATH_SEARCH_PATHS = (
					"$(inherited)",
					"@executable_path/Frameworks",
				);
				PRODUCT_BUNDLE_IDENTIFIER = "com.kayoNakao.Word-Search";
				PRODUCT_NAME = "$(TARGET_NAME)";
				SWIFT_VERSION = 4.2;
				TARGETED_DEVICE_FAMILY = "1,2";
			};
			name = Release;
		};
/* End XCBuildConfiguration section */

/* Begin XCConfigurationList section */
		6D1D36A82285B5130042F768 /* Build configuration list for PBXProject "Word Search" */ = {
			isa = XCConfigurationList;
			buildConfigurations = (
				6D1D36BD2285B5160042F768 /* Debug */,
				6D1D36BE2285B5160042F768 /* Release */,
			);
			defaultConfigurationIsVisible = 0;
			defaultConfigurationName = Release;
		};
		6D1D36BF2285B5160042F768 /* Build configuration list for PBXNativeTarget "Word Search" */ = {
			isa = XCConfigurationList;
			buildConfigurations = (
				6D1D36C02285B5160042F768 /* Debug */,
				6D1D36C12285B5160042F768 /* Release */,
			);
			defaultConfigurationIsVisible = 0;
			defaultConfigurationName = Release;
		};
/* End XCConfigurationList section */
	};
	rootObject = 6D1D36A52285B5130042F768 /* Project object */;
}
